
Microsoft Visual Studio Solution File, Format Version 12.00
# Visual Studio Version 17
VisualStudioVersion = 17.14.36623.8
MinimumVisualStudioVersion = 10.0.40219.1
Project("{FAE04EC0-301F-11D3-BF4B-00C04F79EFBC}") = "proyecto biblioteca", "proyecto biblioteca\proyecto biblioteca.csproj", "{BAF0B0D7-054C-44E2-ABD6-92CD3CB51467}"
EndProject
Project("{FAE04EC0-301F-11D3-BF4B-00C04F79EFBC}") = "FrontBiblioteca", "FrontBiblioteca\FrontBiblioteca.csproj", "{A68AB5A5-54B6-4072-BA08-27F262D11776}"
EndProject
Global
	GlobalSection(SolutionConfigurationPlatforms) = preSolution
		Debug|Any CPU = Debug|Any CPU
		Release|Any CPU = Release|Any CPU
	EndGlobalSection
	GlobalSection(ProjectConfigurationPlatforms) = postSolution
		{BAF0B0D7-054C-44E2-ABD6-92CD3CB51467}.Debug|Any CPU.ActiveCfg = Debug|Any CPU
		{BAF0B0D7-054C-44E2-ABD6-92CD3CB51467}.Debug|Any CPU.Build.0 = Debug|Any CPU
		{BAF0B0D7-054C-44E2-ABD6-92CD3CB51467}.Release|Any CPU.ActiveCfg = Release|Any CPU
		{BAF0B0D7-054C-44E2-ABD6-92CD3CB51467}.Release|Any CPU.Build.0 = Release|Any CPU
		{A68AB5A5-54B6-4072-BA08-27F262D11776}.Debug|Any CPU.ActiveCfg = Debug|Any CPU
		{A68AB5A5-54B6-4072-BA08-27F262D11776}.Debug|Any CPU.Build.0 = Debug|Any CPU
		{A68AB5A5-54B6-4072-BA08-27F262D11776}.Release|Any CPU.ActiveCfg = Release|Any CPU
		{A68AB5A5-54B6-4072-BA08-27F262D11776}.Release|Any CPU.Build.0 = Release|Any CPU
	EndGlobalSection
	GlobalSection(SolutionProperties) = preSolution
		HideSolutionNode = FALSE
	EndGlobalSection
	GlobalSection(ExtensibilityGlobals) = postSolution
		SolutionGuid = {8E41839F-FF8C-4592-AA5D-C61EF1E1B9BD}
	EndGlobalSection
EndGlobal
